
Microsoft Visual Studio Solution File, Format Version 12.00
# Visual Studio Version 16
VisualStudioVersion = 16.0.29009.5
MinimumVisualStudioVersion = 10.0.40219.1
Project("{9A19103F-16F7-4668-BE54-9A1E7A4F7556}") = "WebApplication4", "WebApplication4.csproj", "{B500F34A-63C8-427C-BFC9-3F580CBC66F2}"
EndProject
Global
	GlobalSection(SolutionConfigurationPlatforms) = preSolution
		Debug|Any CPU = Debug|Any CPU
		Release|Any CPU = Release|Any CPU
	EndGlobalSection
	GlobalSection(ProjectConfigurationPlatforms) = postSolution
		{B500F34A-63C8-427C-BFC9-3F580CBC66F2}.Debug|Any CPU.ActiveCfg = Debug|Any CPU
		{B500F34A-63C8-427C-BFC9-3F580CBC66F2}.Debug|Any CPU.Build.0 = Debug|Any CPU
		{B500F34A-63C8-427C-BFC9-3F580CBC66F2}.Release|Any CPU.ActiveCfg = Release|Any CPU
		{B500F34A-63C8-427C-BFC9-3F580CBC66F2}.Release|Any CPU.Build.0 = Release|Any CPU
	EndGlobalSection
	GlobalSection(SolutionProperties) = preSolution
		HideSolutionNode = FALSE
	EndGlobalSection
	GlobalSection(ExtensibilityGlobals) = postSolution
		SolutionGuid = {1A450B9C-DD05-4795-84E2-30FDE42981AF}
	EndGlobalSection
EndGlobal
